
Microsoft Visual Studio Solution File, Format Version 12.00
# Visual Studio Version 17
VisualStudioVersion = 17.11.35222.181
MinimumVisualStudioVersion = 10.0.40219.1
Project("{FAE04EC0-301F-11D3-BF4B-00C04F79EFBC}") = "tcg-api", "tcg-api\tcg-api.csproj", "{B86F0F6F-652D-4BF6-8EB5-58E879A9E2FC}"
EndProject
Project("{FAE04EC0-301F-11D3-BF4B-00C04F79EFBC}") = "tcg-webApp", "tcg-webApp\tcg-webApp.csproj", "{93B1EDE5-910E-4DC8-87F4-FA8DC9401B51}"
EndProject
Global
	GlobalSection(SolutionConfigurationPlatforms) = preSolution
		Debug|Any CPU = Debug|Any CPU
		Release|Any CPU = Release|Any CPU
	EndGlobalSection
	GlobalSection(ProjectConfigurationPlatforms) = postSolution
		{B86F0F6F-652D-4BF6-8EB5-58E879A9E2FC}.Debug|Any CPU.ActiveCfg = Debug|Any CPU
		{B86F0F6F-652D-4BF6-8EB5-58E879A9E2FC}.Debug|Any CPU.Build.0 = Debug|Any CPU
		{B86F0F6F-652D-4BF6-8EB5-58E879A9E2FC}.Release|Any CPU.ActiveCfg = Release|Any CPU
		{B86F0F6F-652D-4BF6-8EB5-58E879A9E2FC}.Release|Any CPU.Build.0 = Release|Any CPU
		{93B1EDE5-910E-4DC8-87F4-FA8DC9401B51}.Debug|Any CPU.ActiveCfg = Debug|Any CPU
		{93B1EDE5-910E-4DC8-87F4-FA8DC9401B51}.Debug|Any CPU.Build.0 = Debug|Any CPU
		{93B1EDE5-910E-4DC8-87F4-FA8DC9401B51}.Release|Any CPU.ActiveCfg = Release|Any CPU
		{93B1EDE5-910E-4DC8-87F4-FA8DC9401B51}.Release|Any CPU.Build.0 = Release|Any CPU
	EndGlobalSection
	GlobalSection(SolutionProperties) = preSolution
		HideSolutionNode = FALSE
	EndGlobalSection
	GlobalSection(ExtensibilityGlobals) = postSolution
		SolutionGuid = {A11098EC-EE81-41C5-931D-4C9ABB37A2D6}
	EndGlobalSection
EndGlobal
